
Microsoft Visual Studio Solution File, Format Version 12.00
# Visual Studio 15
VisualStudioVersion = 15.0.27703.2035
MinimumVisualStudioVersion = 10.0.40219.1
Project("{2150E333-8FDC-42A3-9474-1A3956D46DE8}") = "Tests", "Tests", "{0D1860A4-7314-420C-8855-9C22A213CF0C}"
EndProject
Project("{2150E333-8FDC-42A3-9474-1A3956D46DE8}") = "MobileApps", "MobileApps", "{A5C3A0C6-4182-48BA-8EE3-CADBD4840E74}"
EndProject
Project("{2150E333-8FDC-42A3-9474-1A3956D46DE8}") = "ServiceTests", "ServiceTests", "{DBCB99D8-2805-440A-92D1-34A77F37B3F0}"
EndProject
Project("{9A19103F-16F7-4668-BE54-9A1E7A4F7556}") = "App.FunctionalTests", "Tests\App.FunctionalTests\App.FunctionalTests.csproj", "{362CD5BB-AAA4-4842-8D13-B1B37AEE8290}"
EndProject
Project("{2150E333-8FDC-42A3-9474-1A3956D46DE8}") = "Middleware", "Middleware", "{8725D2EF-9325-4FD4-B9F2-6D61E150D04E}"
	ProjectSection(SolutionItems) = preProject
		..\..\Work\Microservices\EshopOnContainers\test\ServicesTests\Application.FunctionalTests\Middleware\AutoAuthorizeMiddleware.cs = ..\..\Work\Microservices\EshopOnContainers\test\ServicesTests\Application.FunctionalTests\Middleware\AutoAuthorizeMiddleware.cs
	EndProjectSection
EndProject
Project("{2150E333-8FDC-42A3-9474-1A3956D46DE8}") = "Services", "Services", "{2CC07157-AD7D-47F3-A148-40DC2B5F31D3}"
	ProjectSection(SolutionItems) = preProject
		..\..\Work\Microservices\EshopOnContainers\test\ServicesTests\Application.FunctionalTests\Services\IntegrationEventsScenarios.cs = ..\..\Work\Microservices\EshopOnContainers\test\ServicesTests\Application.FunctionalTests\Services\IntegrationEventsScenarios.cs
	EndProjectSection
EndProject
Project("{2150E333-8FDC-42A3-9474-1A3956D46DE8}") = "Setup", "Setup", "{36C4B9D0-46D0-4B28-9439-69E4DBB96C5B}"
	ProjectSection(SolutionItems) = preProject
		..\..\Work\Microservices\EshopOnContainers\test\ServicesTests\Application.FunctionalTests\Setup\CatalogBrands.csv = ..\..\Work\Microservices\EshopOnContainers\test\ServicesTests\Application.FunctionalTests\Setup\CatalogBrands.csv
		..\..\Work\Microservices\EshopOnContainers\test\ServicesTests\Application.FunctionalTests\Setup\CatalogItems.csv = ..\..\Work\Microservices\EshopOnContainers\test\ServicesTests\Application.FunctionalTests\Setup\CatalogItems.csv
		..\..\Work\Microservices\EshopOnContainers\test\ServicesTests\Application.FunctionalTests\Setup\CatalogItems.zip = ..\..\Work\Microservices\EshopOnContainers\test\ServicesTests\Application.FunctionalTests\Setup\CatalogItems.zip
		..\..\Work\Microservices\EshopOnContainers\test\ServicesTests\Application.FunctionalTests\Setup\CatalogTypes.csv = ..\..\Work\Microservices\EshopOnContainers\test\ServicesTests\Application.FunctionalTests\Setup\CatalogTypes.csv
	EndProjectSection
EndProject
Project("{2150E333-8FDC-42A3-9474-1A3956D46DE8}") = "Basket", "Basket", "{40056FE9-3560-4695-AF6D-8CE0DBB6A399}"
	ProjectSection(SolutionItems) = preProject
		..\..\Work\Microservices\EshopOnContainers\test\ServicesTests\Application.FunctionalTests\Services\Basket\appsettings.json = ..\..\Work\Microservices\EshopOnContainers\test\ServicesTests\Application.FunctionalTests\Services\Basket\appsettings.json
		..\..\Work\Microservices\EshopOnContainers\test\ServicesTests\Application.FunctionalTests\Services\Basket\BasketScenariosBase.cs = ..\..\Work\Microservices\EshopOnContainers\test\ServicesTests\Application.FunctionalTests\Services\Basket\BasketScenariosBase.cs
		..\..\Work\Microservices\EshopOnContainers\test\ServicesTests\Application.FunctionalTests\Services\Basket\BasketTestsStartup.cs = ..\..\Work\Microservices\EshopOnContainers\test\ServicesTests\Application.FunctionalTests\Services\Basket\BasketTestsStartup.cs
	EndProjectSection
EndProject
Project("{2150E333-8FDC-42A3-9474-1A3956D46DE8}") = "Order", "Order", "{A5ABA44A-7B8A-45FF-A219-8AD07A39CF23}"
	ProjectSection(SolutionItems) = preProject
		..\..\Work\Microservices\EshopOnContainers\test\ServicesTests\Application.FunctionalTests\Services\Ordering\appsettings.json = ..\..\Work\Microservices\EshopOnContainers\test\ServicesTests\Application.FunctionalTests\Services\Ordering\appsettings.json
		..\..\Work\Microservices\EshopOnContainers\test\ServicesTests\Application.FunctionalTests\Services\Ordering\OrderingScenarios.cs = ..\..\Work\Microservices\EshopOnContainers\test\ServicesTests\Application.FunctionalTests\Services\Ordering\OrderingScenarios.cs
		..\..\Work\Microservices\EshopOnContainers\test\ServicesTests\Application.FunctionalTests\Services\Ordering\OrderingScenariosBase.cs = ..\..\Work\Microservices\EshopOnContainers\test\ServicesTests\Application.FunctionalTests\Services\Ordering\OrderingScenariosBase.cs
		..\..\Work\Microservices\EshopOnContainers\test\ServicesTests\Application.FunctionalTests\Services\Ordering\OrderingTestsStartup.cs = ..\..\Work\Microservices\EshopOnContainers\test\ServicesTests\Application.FunctionalTests\Services\Ordering\OrderingTestsStartup.cs
	EndProjectSection
EndProject
Project("{2150E333-8FDC-42A3-9474-1A3956D46DE8}") = "Catalog", "Catalog", "{B2173FA9-2448-44CA-A816-32169640CD7D}"
	ProjectSection(SolutionItems) = preProject
		..\..\Work\Microservices\EshopOnContainers\test\ServicesTests\Application.FunctionalTests\Services\Catalog\appsettings.json = ..\..\Work\Microservices\EshopOnContainers\test\ServicesTests\Application.FunctionalTests\Services\Catalog\appsettings.json
		..\..\Work\Microservices\EshopOnContainers\test\ServicesTests\Application.FunctionalTests\Services\Catalog\CatalogScenariosBase.cs = ..\..\Work\Microservices\EshopOnContainers\test\ServicesTests\Application.FunctionalTests\Services\Catalog\CatalogScenariosBase.cs
	EndProjectSection
EndProject
Project("{2150E333-8FDC-42A3-9474-1A3956D46DE8}") = "Location", "Location", "{4731E531-2B86-46FC-AD9D-6BCD775FC450}"
	ProjectSection(SolutionItems) = preProject
		..\..\Work\Microservices\EshopOnContainers\test\ServicesTests\Application.FunctionalTests\Services\Location\appsettings.json = ..\..\Work\Microservices\EshopOnContainers\test\ServicesTests\Application.FunctionalTests\Services\Location\appsettings.json
		..\..\Work\Microservices\EshopOnContainers\test\ServicesTests\Application.FunctionalTests\Services\Location\LocationsScenariosBase.cs = ..\..\Work\Microservices\EshopOnContainers\test\ServicesTests\Application.FunctionalTests\Services\Location\LocationsScenariosBase.cs
		..\..\Work\Microservices\EshopOnContainers\test\ServicesTests\Application.FunctionalTests\Services\Location\LocationsTestsStartup.cs = ..\..\Work\Microservices\EshopOnContainers\test\ServicesTests\Application.FunctionalTests\Services\Location\LocationsTestsStartup.cs
	EndProjectSection
EndProject
Project("{2150E333-8FDC-42A3-9474-1A3956D46DE8}") = "Marketing", "Marketing", "{092CBCFB-8BB6-4673-9B53-611AE121E81F}"
	ProjectSection(SolutionItems) = preProject
		..\..\Work\Microservices\EshopOnContainers\test\ServicesTests\Application.FunctionalTests\Services\Marketing\appsettings.json = ..\..\Work\Microservices\EshopOnContainers\test\ServicesTests\Application.FunctionalTests\Services\Marketing\appsettings.json
		..\..\Work\Microservices\EshopOnContainers\test\ServicesTests\Application.FunctionalTests\Services\Marketing\CampaignScenariosBase.cs = ..\..\Work\Microservices\EshopOnContainers\test\ServicesTests\Application.FunctionalTests\Services\Marketing\CampaignScenariosBase.cs
		..\..\Work\Microservices\EshopOnContainers\test\ServicesTests\Application.FunctionalTests\Services\Marketing\MarketingScenarios.cs = ..\..\Work\Microservices\EshopOnContainers\test\ServicesTests\Application.FunctionalTests\Services\Marketing\MarketingScenarios.cs
		..\..\Work\Microservices\EshopOnContainers\test\ServicesTests\Application.FunctionalTests\Services\Marketing\MarketingScenariosBase.cs = ..\..\Work\Microservices\EshopOnContainers\test\ServicesTests\Application.FunctionalTests\Services\Marketing\MarketingScenariosBase.cs
		..\..\Work\Microservices\EshopOnContainers\test\ServicesTests\Application.FunctionalTests\Services\Marketing\MarketingTestsStartup.cs = ..\..\Work\Microservices\EshopOnContainers\test\ServicesTests\Application.FunctionalTests\Services\Marketing\MarketingTestsStartup.cs
		..\..\Work\Microservices\EshopOnContainers\test\ServicesTests\Application.FunctionalTests\Services\Marketing\UserLocationRoleScenariosBase.cs = ..\..\Work\Microservices\EshopOnContainers\test\ServicesTests\Application.FunctionalTests\Services\Marketing\UserLocationRoleScenariosBase.cs
	EndProjectSection
EndProject
Project("{2150E333-8FDC-42A3-9474-1A3956D46DE8}") = "Extensions", "Extensions", "{A5B2F7A7-276A-4488-93D0-6B4119DC22D1}"
	ProjectSection(SolutionItems) = preProject
		..\..\Work\Microservices\EshopOnContainers\test\ServicesTests\Application.FunctionalTests\Extensions\HttpClientExtensions.cs = ..\..\Work\Microservices\EshopOnContainers\test\ServicesTests\Application.FunctionalTests\Extensions\HttpClientExtensions.cs
	EndProjectSection
EndProject
Project("{2150E333-8FDC-42A3-9474-1A3956D46DE8}") = "src", "src", "{270D4EE3-1BCE-4B30-8CEE-BDA6C7DAFCE6}"
EndProject
Project("{2150E333-8FDC-42A3-9474-1A3956D46DE8}") = "BuildingBlocks", "BuildingBlocks", "{DF3FC972-8233-428D-AD96-015A141D0D0D}"
	ProjectSection(SolutionItems) = preProject
		JAFilestream.cs = JAFilestream.cs
	EndProjectSection
EndProject
Project("{2150E333-8FDC-42A3-9474-1A3956D46DE8}") = "Mobile Apps", "Mobile Apps", "{D20B1CAD-9501-4011-9D8C-319DDB950239}"
EndProject
Project("{2150E333-8FDC-42A3-9474-1A3956D46DE8}") = "Services", "Services", "{C3E264B9-EB80-4202-B9AF-FBCE27108B22}"
EndProject
Project("{2150E333-8FDC-42A3-9474-1A3956D46DE8}") = "Web Apps", "Web Apps", "{29CF4128-8D83-432F-A87B-8A0BF78C814E}"
EndProject
Project("{2150E333-8FDC-42A3-9474-1A3956D46DE8}") = "EventBus", "EventBus", "{7973203F-AD56-4B11-BBFA-28CE2B9C0EF8}"
EndProject
Project("{2150E333-8FDC-42A3-9474-1A3956D46DE8}") = "HealthChecks", "HealthChecks", "{50EF3D81-1AA5-46E3-AB86-BE9D46BD4EE7}"
EndProject
Project("{2150E333-8FDC-42A3-9474-1A3956D46DE8}") = "WebHost", "WebHost", "{3F2EBC42-5FF1-4259-90AC-C72B0B1D468C}"
EndProject
Project("{2150E333-8FDC-42A3-9474-1A3956D46DE8}") = "Shared Code", "Shared Code", "{66FC3205-B9E6-4FE8-9C5D-C1C8E06950BC}"
EndProject
Project("{2150E333-8FDC-42A3-9474-1A3956D46DE8}") = "Targets", "Targets", "{1FA36B6F-D964-4362-B1CE-2145C749394A}"
EndProject
Project("{2150E333-8FDC-42A3-9474-1A3956D46DE8}") = "Basket", "Basket", "{3C13FAE5-851E-4F59-AEAB-05D78011DFCC}"
EndProject
Project("{2150E333-8FDC-42A3-9474-1A3956D46DE8}") = "Catalog", "Catalog", "{033966C6-70E4-4DDD-A1B2-19A555DCAD4A}"
EndProject
Project("{2150E333-8FDC-42A3-9474-1A3956D46DE8}") = "Identity", "Identity", "{A99D7C2E-AD7D-48E0-B587-DC198439F365}"
EndProject
Project("{2150E333-8FDC-42A3-9474-1A3956D46DE8}") = "tests", "tests", "{CDFB5842-6CDF-4D25-9A1F-25AB5055EB05}"
EndProject
Project("{2150E333-8FDC-42A3-9474-1A3956D46DE8}") = "ApiGateways", "ApiGateways", "{1078966E-1CC3-4073-BCC7-BE684BFD35E4}"
	ProjectSection(SolutionItems) = preProject
		APIGateway_Readme.md = APIGateway_Readme.md
	EndProjectSection
EndProject
Project("{9A19103F-16F7-4668-BE54-9A1E7A4F7556}") = "Basket.API", "src\Services\Basket\Basket.API\Basket.API.csproj", "{6B7A597E-42CD-4B11-A180-4A2D97AC46D6}"
EndProject
Project("{E53339B2-1760-4266-BCC7-CA923CBCF16C}") = "docker-compose", "docker-compose.dcproj", "{9F058219-44D1-4851-8792-1A913DBA3DA2}"
EndProject
Project("{2150E333-8FDC-42A3-9474-1A3956D46DE8}") = "Logger", "Logger", "{2CF90943-636A-48BB-9128-85B78C69F414}"
EndProject
Project("{2150E333-8FDC-42A3-9474-1A3956D46DE8}") = "User", "User", "{58BADC74-BE18-4F53-8C89-31AA2F282D4C}"
EndProject
Project("{2150E333-8FDC-42A3-9474-1A3956D46DE8}") = "Data", "Data", "{B42C4314-294D-4E32-A1B3-E6EB697DAAC6}"
EndProject
Project("{2150E333-8FDC-42A3-9474-1A3956D46DE8}") = "Serverless", "Serverless", "{37202733-97A6-4F38-AF1F-D819AFACED5B}"
EndProject
Project("{FAE04EC0-301F-11D3-BF4B-00C04F79EFBC}") = "JA.Logging", "JA.Logging\JA.Logging.csproj", "{2E05D1DB-14CD-49A5-9A71-B7DCD3D0EED6}"
EndProject
Project("{2150E333-8FDC-42A3-9474-1A3956D46DE8}") = "EntityFrameworkTests", "EntityFrameworkTests", "{9381AA81-6EE2-4DF9-AFAA-28168E5A604E}"
	ProjectSection(SolutionItems) = preProject
		FE6CodeConfig.cs = FE6CodeConfig.cs
	EndProjectSection
EndProject
Project("{2150E333-8FDC-42A3-9474-1A3956D46DE8}") = "Validation", "Validation", "{8C0D7530-503E-4344-9F3C-C14E1023CF46}"
	ProjectSection(SolutionItems) = preProject
		IWorkout.cs = IWorkout.cs
		RequestService.cs = RequestService.cs
		WorkoutViewModel.cs = WorkoutViewModel.cs
	EndProjectSection
EndProject
Project("{FAE04EC0-301F-11D3-BF4B-00C04F79EFBC}") = "JA.Data", "JA.Data\JA.Data.csproj", "{E2BED2F7-7753-452D-A9E4-D75D5FEEFA97}"
EndProject
Project("{00D1A9C2-B5F0-4AF3-8072-F6C62B433612}") = "JA.Database", "JA.Database\JA.Database.sqlproj", "{F1D1ECE4-F7DB-4484-8105-BE8ADDC8B6B1}"
EndProject
Project("{2150E333-8FDC-42A3-9474-1A3956D46DE8}") = "Models", "Models", "{E32E4FD6-34B5-43B3-9E6F-62A1584277BA}"
EndProject
Project("{FAE04EC0-301F-11D3-BF4B-00C04F79EFBC}") = "JA.Models", "JA.Models\JA.Models.csproj", "{9A7EAF9D-BE8F-4440-B6D7-30EA28926426}"
EndProject
Project("{2150E333-8FDC-42A3-9474-1A3956D46DE8}") = "FrontEnd", "FrontEnd", "{6198C83A-3A78-4072-91B3-987FBF0CB272}"
EndProject
Project("{FAE04EC0-301F-11D3-BF4B-00C04F79EFBC}") = "JA.FE", "JA.FE\JA.FE.csproj", "{948859DF-8216-487C-8465-5C1E28CE3D1F}"
EndProject
Project("{FAE04EC0-301F-11D3-BF4B-00C04F79EFBC}") = "JA.FE.Tests", "JA.FE.Tests\JA.FE.Tests.csproj", "{96A4231E-9225-40CF-A0D5-F724FDAB1DD2}"
EndProject
Project("{2150E333-8FDC-42A3-9474-1A3956D46DE8}") = "GraphQL", "GraphQL", "{E898F062-694F-40EE-A8D9-A550434EB933}"
EndProject
Project("{9A19103F-16F7-4668-BE54-9A1E7A4F7556}") = "JA.Graphql", "JA.Graphql\JA.Graphql.csproj", "{205F999A-EF53-4F90-8792-031D94D7799A}"
EndProject
Project("{2150E333-8FDC-42A3-9474-1A3956D46DE8}") = "Solution Items", "Solution Items", "{F16C4D3C-55CD-4FCB-A708-8E4134E6C062}"
EndProject
Project("{9A19103F-16F7-4668-BE54-9A1E7A4F7556}") = "JA.FECore", "JA.FECore\JA.FECore.csproj", "{92451436-B7CE-4A9E-8119-B29C876C1B7C}"
EndProject
Project("{2150E333-8FDC-42A3-9474-1A3956D46DE8}") = "Search", "Search", "{0AA200ED-D029-40DD-AFAF-3B9CC6D7A94B}"
	ProjectSection(SolutionItems) = preProject
		Search.txt = Search.txt
	EndProjectSection
EndProject
Project("{2150E333-8FDC-42A3-9474-1A3956D46DE8}") = "UserPortalGW", "UserPortalGW", "{DA6F3E4A-000C-4295-A18F-686A9EBA3345}"
EndProject
Project("{9A19103F-16F7-4668-BE54-9A1E7A4F7556}") = "JA.GW.UserPortalGW", "src\ApiGateways\UserPortalGW\JA.GW.UserPortalGW\JA.GW.UserPortalGW.csproj", "{0D57DB47-2904-4290-9E67-EBD3F6F74A34}"
EndProject
Project("{2150E333-8FDC-42A3-9474-1A3956D46DE8}") = "Architecture", "Architecture", "{5C0FB5EA-2666-4AD0-A77C-85A776910611}"
	ProjectSection(SolutionItems) = preProject
		Architecture\JAMicroserviceArchDoc.xml = Architecture\JAMicroserviceArchDoc.xml
		Architecture\Readme.md = Architecture\Readme.md
	EndProjectSection
EndProject
Project("{2150E333-8FDC-42A3-9474-1A3956D46DE8}") = "Ordering", "Ordering", "{BC79B65A-09D6-4244-ACA5-E7FCF947B8F8}"
EndProject
Project("{9A19103F-16F7-4668-BE54-9A1E7A4F7556}") = "JA.Services.Ordering", "src\Services\Ordering\JA.Services.Ordering\JA.Services.Ordering.csproj", "{14F33826-B8CF-4083-B1F3-293216C41147}"
EndProject
Project("{9A19103F-16F7-4668-BE54-9A1E7A4F7556}") = "JA.Blog", "src\FrontEnd\JA.Blog\JA.Blog.csproj", "{B2092686-69BD-48A6-BC32-71BFF98F65F5}"
EndProject
Project("{FAE04EC0-301F-11D3-BF4B-00C04F79EFBC}") = "JA.DataCore", "src\Data\JA.DataCore\JA.DataCore.csproj", "{60FC6C33-7B95-4FF2-A0D2-C78F08EF41A0}"
EndProject
Project("{FAE04EC0-301F-11D3-BF4B-00C04F79EFBC}") = "JA.ModelsCore", "src\Data\JA.ModelsCore\JA.ModelsCore.csproj", "{BC7BB8EB-4D00-49CC-8060-75A2068FAC07}"
EndProject
Global
	GlobalSection(SolutionConfigurationPlatforms) = preSolution
		Debug|Any CPU = Debug|Any CPU
		Release|Any CPU = Release|Any CPU
	EndGlobalSection
	GlobalSection(ProjectConfigurationPlatforms) = postSolution
		{362CD5BB-AAA4-4842-8D13-B1B37AEE8290}.Debug|Any CPU.ActiveCfg = Debug|Any CPU
		{362CD5BB-AAA4-4842-8D13-B1B37AEE8290}.Debug|Any CPU.Build.0 = Debug|Any CPU
		{362CD5BB-AAA4-4842-8D13-B1B37AEE8290}.Release|Any CPU.ActiveCfg = Release|Any CPU
		{362CD5BB-AAA4-4842-8D13-B1B37AEE8290}.Release|Any CPU.Build.0 = Release|Any CPU
		{6B7A597E-42CD-4B11-A180-4A2D97AC46D6}.Debug|Any CPU.ActiveCfg = Debug|Any CPU
		{6B7A597E-42CD-4B11-A180-4A2D97AC46D6}.Debug|Any CPU.Build.0 = Debug|Any CPU
		{6B7A597E-42CD-4B11-A180-4A2D97AC46D6}.Release|Any CPU.ActiveCfg = Release|Any CPU
		{6B7A597E-42CD-4B11-A180-4A2D97AC46D6}.Release|Any CPU.Build.0 = Release|Any CPU
		{9F058219-44D1-4851-8792-1A913DBA3DA2}.Debug|Any CPU.ActiveCfg = Debug|Any CPU
		{9F058219-44D1-4851-8792-1A913DBA3DA2}.Debug|Any CPU.Build.0 = Debug|Any CPU
		{9F058219-44D1-4851-8792-1A913DBA3DA2}.Release|Any CPU.ActiveCfg = Release|Any CPU
		{9F058219-44D1-4851-8792-1A913DBA3DA2}.Release|Any CPU.Build.0 = Release|Any CPU
		{2E05D1DB-14CD-49A5-9A71-B7DCD3D0EED6}.Debug|Any CPU.ActiveCfg = Debug|Any CPU
		{2E05D1DB-14CD-49A5-9A71-B7DCD3D0EED6}.Debug|Any CPU.Build.0 = Debug|Any CPU
		{2E05D1DB-14CD-49A5-9A71-B7DCD3D0EED6}.Release|Any CPU.ActiveCfg = Release|Any CPU
		{2E05D1DB-14CD-49A5-9A71-B7DCD3D0EED6}.Release|Any CPU.Build.0 = Release|Any CPU
		{E2BED2F7-7753-452D-A9E4-D75D5FEEFA97}.Debug|Any CPU.ActiveCfg = Debug|Any CPU
		{E2BED2F7-7753-452D-A9E4-D75D5FEEFA97}.Debug|Any CPU.Build.0 = Debug|Any CPU
		{E2BED2F7-7753-452D-A9E4-D75D5FEEFA97}.Release|Any CPU.ActiveCfg = Release|Any CPU
		{E2BED2F7-7753-452D-A9E4-D75D5FEEFA97}.Release|Any CPU.Build.0 = Release|Any CPU
		{F1D1ECE4-F7DB-4484-8105-BE8ADDC8B6B1}.Debug|Any CPU.ActiveCfg = Debug|Any CPU
		{F1D1ECE4-F7DB-4484-8105-BE8ADDC8B6B1}.Debug|Any CPU.Build.0 = Debug|Any CPU
		{F1D1ECE4-F7DB-4484-8105-BE8ADDC8B6B1}.Debug|Any CPU.Deploy.0 = Debug|Any CPU
		{F1D1ECE4-F7DB-4484-8105-BE8ADDC8B6B1}.Release|Any CPU.ActiveCfg = Release|Any CPU
		{F1D1ECE4-F7DB-4484-8105-BE8ADDC8B6B1}.Release|Any CPU.Build.0 = Release|Any CPU
		{F1D1ECE4-F7DB-4484-8105-BE8ADDC8B6B1}.Release|Any CPU.Deploy.0 = Release|Any CPU
		{9A7EAF9D-BE8F-4440-B6D7-30EA28926426}.Debug|Any CPU.ActiveCfg = Debug|Any CPU
		{9A7EAF9D-BE8F-4440-B6D7-30EA28926426}.Debug|Any CPU.Build.0 = Debug|Any CPU
		{9A7EAF9D-BE8F-4440-B6D7-30EA28926426}.Release|Any CPU.ActiveCfg = Release|Any CPU
		{9A7EAF9D-BE8F-4440-B6D7-30EA28926426}.Release|Any CPU.Build.0 = Release|Any CPU
		{948859DF-8216-487C-8465-5C1E28CE3D1F}.Debug|Any CPU.ActiveCfg = Debug|Any CPU
		{948859DF-8216-487C-8465-5C1E28CE3D1F}.Debug|Any CPU.Build.0 = Debug|Any CPU
		{948859DF-8216-487C-8465-5C1E28CE3D1F}.Release|Any CPU.ActiveCfg = Release|Any CPU
		{948859DF-8216-487C-8465-5C1E28CE3D1F}.Release|Any CPU.Build.0 = Release|Any CPU
		{96A4231E-9225-40CF-A0D5-F724FDAB1DD2}.Debug|Any CPU.ActiveCfg = Debug|Any CPU
		{96A4231E-9225-40CF-A0D5-F724FDAB1DD2}.Debug|Any CPU.Build.0 = Debug|Any CPU
		{96A4231E-9225-40CF-A0D5-F724FDAB1DD2}.Release|Any CPU.ActiveCfg = Release|Any CPU
		{96A4231E-9225-40CF-A0D5-F724FDAB1DD2}.Release|Any CPU.Build.0 = Release|Any CPU
		{205F999A-EF53-4F90-8792-031D94D7799A}.Debug|Any CPU.ActiveCfg = Debug|Any CPU
		{205F999A-EF53-4F90-8792-031D94D7799A}.Debug|Any CPU.Build.0 = Debug|Any CPU
		{205F999A-EF53-4F90-8792-031D94D7799A}.Release|Any CPU.ActiveCfg = Release|Any CPU
		{205F999A-EF53-4F90-8792-031D94D7799A}.Release|Any CPU.Build.0 = Release|Any CPU
		{92451436-B7CE-4A9E-8119-B29C876C1B7C}.Debug|Any CPU.ActiveCfg = Debug|Any CPU
		{92451436-B7CE-4A9E-8119-B29C876C1B7C}.Debug|Any CPU.Build.0 = Debug|Any CPU
		{92451436-B7CE-4A9E-8119-B29C876C1B7C}.Release|Any CPU.ActiveCfg = Release|Any CPU
		{92451436-B7CE-4A9E-8119-B29C876C1B7C}.Release|Any CPU.Build.0 = Release|Any CPU
		{0D57DB47-2904-4290-9E67-EBD3F6F74A34}.Debug|Any CPU.ActiveCfg = Debug|Any CPU
		{0D57DB47-2904-4290-9E67-EBD3F6F74A34}.Debug|Any CPU.Build.0 = Debug|Any CPU
		{0D57DB47-2904-4290-9E67-EBD3F6F74A34}.Release|Any CPU.ActiveCfg = Release|Any CPU
		{0D57DB47-2904-4290-9E67-EBD3F6F74A34}.Release|Any CPU.Build.0 = Release|Any CPU
		{14F33826-B8CF-4083-B1F3-293216C41147}.Debug|Any CPU.ActiveCfg = Debug|Any CPU
		{14F33826-B8CF-4083-B1F3-293216C41147}.Debug|Any CPU.Build.0 = Debug|Any CPU
		{14F33826-B8CF-4083-B1F3-293216C41147}.Release|Any CPU.ActiveCfg = Release|Any CPU
		{14F33826-B8CF-4083-B1F3-293216C41147}.Release|Any CPU.Build.0 = Release|Any CPU
		{B2092686-69BD-48A6-BC32-71BFF98F65F5}.Debug|Any CPU.ActiveCfg = Debug|Any CPU
		{B2092686-69BD-48A6-BC32-71BFF98F65F5}.Debug|Any CPU.Build.0 = Debug|Any CPU
		{B2092686-69BD-48A6-BC32-71BFF98F65F5}.Release|Any CPU.ActiveCfg = Release|Any CPU
		{B2092686-69BD-48A6-BC32-71BFF98F65F5}.Release|Any CPU.Build.0 = Release|Any CPU
		{60FC6C33-7B95-4FF2-A0D2-C78F08EF41A0}.Debug|Any CPU.ActiveCfg = Debug|Any CPU
		{60FC6C33-7B95-4FF2-A0D2-C78F08EF41A0}.Debug|Any CPU.Build.0 = Debug|Any CPU
		{60FC6C33-7B95-4FF2-A0D2-C78F08EF41A0}.Release|Any CPU.ActiveCfg = Release|Any CPU
		{60FC6C33-7B95-4FF2-A0D2-C78F08EF41A0}.Release|Any CPU.Build.0 = Release|Any CPU
		{BC7BB8EB-4D00-49CC-8060-75A2068FAC07}.Debug|Any CPU.ActiveCfg = Debug|Any CPU
		{BC7BB8EB-4D00-49CC-8060-75A2068FAC07}.Debug|Any CPU.Build.0 = Debug|Any CPU
		{BC7BB8EB-4D00-49CC-8060-75A2068FAC07}.Release|Any CPU.ActiveCfg = Release|Any CPU
		{BC7BB8EB-4D00-49CC-8060-75A2068FAC07}.Release|Any CPU.Build.0 = Release|Any CPU
	EndGlobalSection
	GlobalSection(SolutionProperties) = preSolution
		HideSolutionNode = FALSE
	EndGlobalSection
	GlobalSection(NestedProjects) = preSolution
		{A5C3A0C6-4182-48BA-8EE3-CADBD4840E74} = {0D1860A4-7314-420C-8855-9C22A213CF0C}
		{DBCB99D8-2805-440A-92D1-34A77F37B3F0} = {0D1860A4-7314-420C-8855-9C22A213CF0C}
		{362CD5BB-AAA4-4842-8D13-B1B37AEE8290} = {DBCB99D8-2805-440A-92D1-34A77F37B3F0}
		{8725D2EF-9325-4FD4-B9F2-6D61E150D04E} = {DBCB99D8-2805-440A-92D1-34A77F37B3F0}
		{2CC07157-AD7D-47F3-A148-40DC2B5F31D3} = {DBCB99D8-2805-440A-92D1-34A77F37B3F0}
		{36C4B9D0-46D0-4B28-9439-69E4DBB96C5B} = {DBCB99D8-2805-440A-92D1-34A77F37B3F0}
		{40056FE9-3560-4695-AF6D-8CE0DBB6A399} = {2CC07157-AD7D-47F3-A148-40DC2B5F31D3}
		{A5ABA44A-7B8A-45FF-A219-8AD07A39CF23} = {2CC07157-AD7D-47F3-A148-40DC2B5F31D3}
		{B2173FA9-2448-44CA-A816-32169640CD7D} = {2CC07157-AD7D-47F3-A148-40DC2B5F31D3}
		{4731E531-2B86-46FC-AD9D-6BCD775FC450} = {2CC07157-AD7D-47F3-A148-40DC2B5F31D3}
		{092CBCFB-8BB6-4673-9B53-611AE121E81F} = {2CC07157-AD7D-47F3-A148-40DC2B5F31D3}
		{A5B2F7A7-276A-4488-93D0-6B4119DC22D1} = {DBCB99D8-2805-440A-92D1-34A77F37B3F0}
		{DF3FC972-8233-428D-AD96-015A141D0D0D} = {270D4EE3-1BCE-4B30-8CEE-BDA6C7DAFCE6}
		{D20B1CAD-9501-4011-9D8C-319DDB950239} = {270D4EE3-1BCE-4B30-8CEE-BDA6C7DAFCE6}
		{C3E264B9-EB80-4202-B9AF-FBCE27108B22} = {270D4EE3-1BCE-4B30-8CEE-BDA6C7DAFCE6}
		{29CF4128-8D83-432F-A87B-8A0BF78C814E} = {270D4EE3-1BCE-4B30-8CEE-BDA6C7DAFCE6}
		{7973203F-AD56-4B11-BBFA-28CE2B9C0EF8} = {DF3FC972-8233-428D-AD96-015A141D0D0D}
		{50EF3D81-1AA5-46E3-AB86-BE9D46BD4EE7} = {DF3FC972-8233-428D-AD96-015A141D0D0D}
		{3F2EBC42-5FF1-4259-90AC-C72B0B1D468C} = {DF3FC972-8233-428D-AD96-015A141D0D0D}
		{66FC3205-B9E6-4FE8-9C5D-C1C8E06950BC} = {D20B1CAD-9501-4011-9D8C-319DDB950239}
		{1FA36B6F-D964-4362-B1CE-2145C749394A} = {D20B1CAD-9501-4011-9D8C-319DDB950239}
		{3C13FAE5-851E-4F59-AEAB-05D78011DFCC} = {C3E264B9-EB80-4202-B9AF-FBCE27108B22}
		{033966C6-70E4-4DDD-A1B2-19A555DCAD4A} = {C3E264B9-EB80-4202-B9AF-FBCE27108B22}
		{A99D7C2E-AD7D-48E0-B587-DC198439F365} = {C3E264B9-EB80-4202-B9AF-FBCE27108B22}
		{CDFB5842-6CDF-4D25-9A1F-25AB5055EB05} = {3C13FAE5-851E-4F59-AEAB-05D78011DFCC}
		{1078966E-1CC3-4073-BCC7-BE684BFD35E4} = {270D4EE3-1BCE-4B30-8CEE-BDA6C7DAFCE6}
		{6B7A597E-42CD-4B11-A180-4A2D97AC46D6} = {40056FE9-3560-4695-AF6D-8CE0DBB6A399}
		{2CF90943-636A-48BB-9128-85B78C69F414} = {DF3FC972-8233-428D-AD96-015A141D0D0D}
		{58BADC74-BE18-4F53-8C89-31AA2F282D4C} = {2CC07157-AD7D-47F3-A148-40DC2B5F31D3}
		{B42C4314-294D-4E32-A1B3-E6EB697DAAC6} = {270D4EE3-1BCE-4B30-8CEE-BDA6C7DAFCE6}
		{37202733-97A6-4F38-AF1F-D819AFACED5B} = {270D4EE3-1BCE-4B30-8CEE-BDA6C7DAFCE6}
		{2E05D1DB-14CD-49A5-9A71-B7DCD3D0EED6} = {2CF90943-636A-48BB-9128-85B78C69F414}
		{9381AA81-6EE2-4DF9-AFAA-28168E5A604E} = {2CC07157-AD7D-47F3-A148-40DC2B5F31D3}
		{8C0D7530-503E-4344-9F3C-C14E1023CF46} = {C3E264B9-EB80-4202-B9AF-FBCE27108B22}
		{E2BED2F7-7753-452D-A9E4-D75D5FEEFA97} = {B42C4314-294D-4E32-A1B3-E6EB697DAAC6}
		{F1D1ECE4-F7DB-4484-8105-BE8ADDC8B6B1} = {B42C4314-294D-4E32-A1B3-E6EB697DAAC6}
		{E32E4FD6-34B5-43B3-9E6F-62A1584277BA} = {270D4EE3-1BCE-4B30-8CEE-BDA6C7DAFCE6}
		{9A7EAF9D-BE8F-4440-B6D7-30EA28926426} = {E32E4FD6-34B5-43B3-9E6F-62A1584277BA}
		{6198C83A-3A78-4072-91B3-987FBF0CB272} = {270D4EE3-1BCE-4B30-8CEE-BDA6C7DAFCE6}
		{948859DF-8216-487C-8465-5C1E28CE3D1F} = {6198C83A-3A78-4072-91B3-987FBF0CB272}
		{96A4231E-9225-40CF-A0D5-F724FDAB1DD2} = {6198C83A-3A78-4072-91B3-987FBF0CB272}
		{E898F062-694F-40EE-A8D9-A550434EB933} = {270D4EE3-1BCE-4B30-8CEE-BDA6C7DAFCE6}
		{205F999A-EF53-4F90-8792-031D94D7799A} = {E898F062-694F-40EE-A8D9-A550434EB933}
		{92451436-B7CE-4A9E-8119-B29C876C1B7C} = {6198C83A-3A78-4072-91B3-987FBF0CB272}
		{0AA200ED-D029-40DD-AFAF-3B9CC6D7A94B} = {DF3FC972-8233-428D-AD96-015A141D0D0D}
		{DA6F3E4A-000C-4295-A18F-686A9EBA3345} = {1078966E-1CC3-4073-BCC7-BE684BFD35E4}
		{0D57DB47-2904-4290-9E67-EBD3F6F74A34} = {DA6F3E4A-000C-4295-A18F-686A9EBA3345}
		{BC79B65A-09D6-4244-ACA5-E7FCF947B8F8} = {C3E264B9-EB80-4202-B9AF-FBCE27108B22}
		{14F33826-B8CF-4083-B1F3-293216C41147} = {BC79B65A-09D6-4244-ACA5-E7FCF947B8F8}
		{B2092686-69BD-48A6-BC32-71BFF98F65F5} = {6198C83A-3A78-4072-91B3-987FBF0CB272}
		{60FC6C33-7B95-4FF2-A0D2-C78F08EF41A0} = {B42C4314-294D-4E32-A1B3-E6EB697DAAC6}
		{BC7BB8EB-4D00-49CC-8060-75A2068FAC07} = {B42C4314-294D-4E32-A1B3-E6EB697DAAC6}
	EndGlobalSection
	GlobalSection(ExtensibilityGlobals) = postSolution
		SolutionGuid = {09B73331-7D44-40D8-BE0A-A301D5DBA70D}
	EndGlobalSection
EndGlobal
